
Microsoft Visual Studio Solution File, Format Version 12.00
# Visual Studio Version 16
VisualStudioVersion = 16.0.30709.132
MinimumVisualStudioVersion = 10.0.40219.1
Project("{FAE04EC0-301F-11D3-BF4B-00C04F79EFBC}") = "FtpUtils", "FtpUtils\FtpUtils.csproj", "{C7BAB419-8D70-4C58-B36E-52BCEC526DF7}"
EndProject
Global
	GlobalSection(SolutionConfigurationPlatforms) = preSolution
		Debug|Any CPU = Debug|Any CPU
		Release|Any CPU = Release|Any CPU
	EndGlobalSection
	GlobalSection(ProjectConfigurationPlatforms) = postSolution
		{C7BAB419-8D70-4C58-B36E-52BCEC526DF7}.Debug|Any CPU.ActiveCfg = Debug|Any CPU
		{C7BAB419-8D70-4C58-B36E-52BCEC526DF7}.Debug|Any CPU.Build.0 = Debug|Any CPU
		{C7BAB419-8D70-4C58-B36E-52BCEC526DF7}.Release|Any CPU.ActiveCfg = Release|Any CPU
		{C7BAB419-8D70-4C58-B36E-52BCEC526DF7}.Release|Any CPU.Build.0 = Release|Any CPU
	EndGlobalSection
	GlobalSection(SolutionProperties) = preSolution
		HideSolutionNode = FALSE
	EndGlobalSection
	GlobalSection(ExtensibilityGlobals) = postSolution
		SolutionGuid = {8E3E3441-26FA-46A2-A2C5-258B5F6FC7B9}
	EndGlobalSection
EndGlobal
